// !$*UTF8*$!
{
	archiveVersion = 1;
	classes = {
	};
	objectVersion = 50;
	objects = {

/* Begin PBXBuildFile section */
		ED1F6FF1275AE6D400EEB648 /* Utilities.swift in Sources */ = {isa = PBXBuildFile; fileRef = ED1F6FF0275AE6D400EEB648 /* Utilities.swift */; };
		ED1F6FF6275C720000EEB648 /* top_rated.json in Resources */ = {isa = PBXBuildFile; fileRef = ED1F6FF3275C720000EEB648 /* top_rated.json */; };
		ED1F6FF7275C720000EEB648 /* upcoming.json in Resources */ = {isa = PBXBuildFile; fileRef = ED1F6FF4275C720000EEB648 /* upcoming.json */; };
		ED1F6FF8275C720000EEB648 /* genre_list.json in Resources */ = {isa = PBXBuildFile; fileRef = ED1F6FF5275C720000EEB648 /* genre_list.json */; };
		ED1F6FFA275C731900EEB648 /* search_movie.json in Resources */ = {isa = PBXBuildFile; fileRef = ED1F6FF9275C731900EEB648 /* search_movie.json */; };
		ED1F6FFC275C738600EEB648 /* Movie+Stub.swift in Sources */ = {isa = PBXBuildFile; fileRef = ED1F6FFB275C738600EEB648 /* Movie+Stub.swift */; };
		ED2336B32759C2B000CC8D4E /* AppDelegate.swift in Sources */ = {isa = PBXBuildFile; fileRef = ED2336B22759C2B000CC8D4E /* AppDelegate.swift */; };
		ED2336B52759C2B000CC8D4E /* SceneDelegate.swift in Sources */ = {isa = PBXBuildFile; fileRef = ED2336B42759C2B000CC8D4E /* SceneDelegate.swift */; };
		ED2336B72759C2B000CC8D4E /* ViewController.swift in Sources */ = {isa = PBXBuildFile; fileRef = ED2336B62759C2B000CC8D4E /* ViewController.swift */; };
		ED2336BA2759C2B000CC8D4E /* Main.storyboard in Resources */ = {isa = PBXBuildFile; fileRef = ED2336B82759C2B000CC8D4E /* Main.storyboard */; };
		ED2336BC2759C2B200CC8D4E /* Assets.xcassets in Resources */ = {isa = PBXBuildFile; fileRef = ED2336BB2759C2B200CC8D4E /* Assets.xcassets */; };
		ED2336BF2759C2B200CC8D4E /* LaunchScreen.storyboard in Resources */ = {isa = PBXBuildFile; fileRef = ED2336BD2759C2B200CC8D4E /* LaunchScreen.storyboard */; };
		ED2336CA2759C68F00CC8D4E /* Movie.swift in Sources */ = {isa = PBXBuildFile; fileRef = ED2336C92759C68F00CC8D4E /* Movie.swift */; };
		ED2336CF2759CA2800CC8D4E /* MoviePresenter.swift in Sources */ = {isa = PBXBuildFile; fileRef = ED2336CE2759CA2800CC8D4E /* MoviePresenter.swift */; };
		ED2336D2275A904800CC8D4E /* MovieService.swift in Sources */ = {isa = PBXBuildFile; fileRef = ED2336D1275A904800CC8D4E /* MovieService.swift */; };
/* End PBXBuildFile section */

/* Begin PBXFileReference section */
		ED1F6FF0275AE6D400EEB648 /* Utilities.swift */ = {isa = PBXFileReference; lastKnownFileType = sourcecode.swift; path = Utilities.swift; sourceTree = "<group>"; };
		ED1F6FF3275C720000EEB648 /* top_rated.json */ = {isa = PBXFileReference; fileEncoding = 4; lastKnownFileType = text.json; path = top_rated.json; sourceTree = "<group>"; };
		ED1F6FF4275C720000EEB648 /* upcoming.json */ = {isa = PBXFileReference; fileEncoding = 4; lastKnownFileType = text.json; path = upcoming.json; sourceTree = "<group>"; };
		ED1F6FF5275C720000EEB648 /* genre_list.json */ = {isa = PBXFileReference; fileEncoding = 4; lastKnownFileType = text.json; path = genre_list.json; sourceTree = "<group>"; };
		ED1F6FF9275C731900EEB648 /* search_movie.json */ = {isa = PBXFileReference; fileEncoding = 4; lastKnownFileType = text.json; path = search_movie.json; sourceTree = "<group>"; };
		ED1F6FFB275C738600EEB648 /* Movie+Stub.swift */ = {isa = PBXFileReference; lastKnownFileType = sourcecode.swift; path = "Movie+Stub.swift"; sourceTree = "<group>"; };
		ED2336AF2759C2B000CC8D4E /* Cinemetrage.app */ = {isa = PBXFileReference; explicitFileType = wrapper.application; includeInIndex = 0; path = Cinemetrage.app; sourceTree = BUILT_PRODUCTS_DIR; };
		ED2336B22759C2B000CC8D4E /* AppDelegate.swift */ = {isa = PBXFileReference; lastKnownFileType = sourcecode.swift; path = AppDelegate.swift; sourceTree = "<group>"; };
		ED2336B42759C2B000CC8D4E /* SceneDelegate.swift */ = {isa = PBXFileReference; lastKnownFileType = sourcecode.swift; path = SceneDelegate.swift; sourceTree = "<group>"; };
		ED2336B62759C2B000CC8D4E /* ViewController.swift */ = {isa = PBXFileReference; lastKnownFileType = sourcecode.swift; path = ViewController.swift; sourceTree = "<group>"; };
		ED2336B92759C2B000CC8D4E /* Base */ = {isa = PBXFileReference; lastKnownFileType = file.storyboard; name = Base; path = Base.lproj/Main.storyboard; sourceTree = "<group>"; };
		ED2336BB2759C2B200CC8D4E /* Assets.xcassets */ = {isa = PBXFileReference; lastKnownFileType = folder.assetcatalog; path = Assets.xcassets; sourceTree = "<group>"; };
		ED2336BE2759C2B200CC8D4E /* Base */ = {isa = PBXFileReference; lastKnownFileType = file.storyboard; name = Base; path = Base.lproj/LaunchScreen.storyboard; sourceTree = "<group>"; };
		ED2336C02759C2B200CC8D4E /* Info.plist */ = {isa = PBXFileReference; lastKnownFileType = text.plist.xml; path = Info.plist; sourceTree = "<group>"; };
		ED2336C92759C68F00CC8D4E /* Movie.swift */ = {isa = PBXFileReference; lastKnownFileType = sourcecode.swift; path = Movie.swift; sourceTree = "<group>"; };
		ED2336CE2759CA2800CC8D4E /* MoviePresenter.swift */ = {isa = PBXFileReference; lastKnownFileType = sourcecode.swift; path = MoviePresenter.swift; sourceTree = "<group>"; };
		ED2336D1275A904800CC8D4E /* MovieService.swift */ = {isa = PBXFileReference; lastKnownFileType = sourcecode.swift; path = MovieService.swift; sourceTree = "<group>"; };
/* End PBXFileReference section */

/* Begin PBXFrameworksBuildPhase section */
		ED2336AC2759C2B000CC8D4E /* Frameworks */ = {
			isa = PBXFrameworksBuildPhase;
			buildActionMask = 2147483647;
			files = (
			);
			runOnlyForDeploymentPostprocessing = 0;
		};
/* End PBXFrameworksBuildPhase section */

/* Begin PBXGroup section */
		ED1F6FF2275C71B100EEB648 /* Resources */ = {
			isa = PBXGroup;
			children = (
				ED1F6FF4275C720000EEB648 /* upcoming.json */,
				ED1F6FF9275C731900EEB648 /* search_movie.json */,
				ED1F6FF5275C720000EEB648 /* genre_list.json */,
				ED1F6FF3275C720000EEB648 /* top_rated.json */,
			);
			path = Resources;
			sourceTree = "<group>";
		};
		ED2336A62759C2B000CC8D4E = {
			isa = PBXGroup;
			children = (
				ED2336B12759C2B000CC8D4E /* Cinemetrage */,
				ED2336B02759C2B000CC8D4E /* Products */,
			);
			sourceTree = "<group>";
		};
		ED2336B02759C2B000CC8D4E /* Products */ = {
			isa = PBXGroup;
			children = (
				ED2336AF2759C2B000CC8D4E /* Cinemetrage.app */,
			);
			name = Products;
			sourceTree = "<group>";
		};
		ED2336B12759C2B000CC8D4E /* Cinemetrage */ = {
			isa = PBXGroup;
			children = (
				ED1F6FF2275C71B100EEB648 /* Resources */,
				ED2336D0275A8FA900CC8D4E /* API */,
				ED2336CD2759CA1800CC8D4E /* Presenter */,
				ED2336CC2759CA0B00CC8D4E /* View */,
				ED2336C82759C67600CC8D4E /* Model */,
				ED2336B22759C2B000CC8D4E /* AppDelegate.swift */,
				ED2336B42759C2B000CC8D4E /* SceneDelegate.swift */,
				ED2336BB2759C2B200CC8D4E /* Assets.xcassets */,
				ED2336BD2759C2B200CC8D4E /* LaunchScreen.storyboard */,
				ED2336C02759C2B200CC8D4E /* Info.plist */,
				ED1F6FF0275AE6D400EEB648 /* Utilities.swift */,
			);
			path = Cinemetrage;
			sourceTree = "<group>";
		};
		ED2336C82759C67600CC8D4E /* Model */ = {
			isa = PBXGroup;
			children = (
				ED2336C92759C68F00CC8D4E /* Movie.swift */,
				ED1F6FFB275C738600EEB648 /* Movie+Stub.swift */,
			);
			path = Model;
			sourceTree = "<group>";
		};
		ED2336CC2759CA0B00CC8D4E /* View */ = {
			isa = PBXGroup;
			children = (
				ED2336B62759C2B000CC8D4E /* ViewController.swift */,
				ED2336B82759C2B000CC8D4E /* Main.storyboard */,
			);
			path = View;
			sourceTree = "<group>";
		};
		ED2336CD2759CA1800CC8D4E /* Presenter */ = {
			isa = PBXGroup;
			children = (
				ED2336CE2759CA2800CC8D4E /* MoviePresenter.swift */,
			);
			path = Presenter;
			sourceTree = "<group>";
		};
		ED2336D0275A8FA900CC8D4E /* API */ = {
			isa = PBXGroup;
			children = (
				ED2336D1275A904800CC8D4E /* MovieService.swift */,
			);
			path = API;
			sourceTree = "<group>";
		};
/* End PBXGroup section */

/* Begin PBXNativeTarget section */
		ED2336AE2759C2B000CC8D4E /* Cinemetrage */ = {
			isa = PBXNativeTarget;
			buildConfigurationList = ED2336C32759C2B200CC8D4E /* Build configuration list for PBXNativeTarget "Cinemetrage" */;
			buildPhases = (
				ED2336AB2759C2B000CC8D4E /* Sources */,
				ED2336AC2759C2B000CC8D4E /* Frameworks */,
				ED2336AD2759C2B000CC8D4E /* Resources */,
			);
			buildRules = (
			);
			dependencies = (
			);
			name = Cinemetrage;
			productName = Cinemetrage;
			productReference = ED2336AF2759C2B000CC8D4E /* Cinemetrage.app */;
			productType = "com.apple.product-type.application";
		};
/* End PBXNativeTarget section */

/* Begin PBXProject section */
		ED2336A72759C2B000CC8D4E /* Project object */ = {
			isa = PBXProject;
			attributes = {
				LastSwiftUpdateCheck = 1250;
				LastUpgradeCheck = 1250;
				TargetAttributes = {
					ED2336AE2759C2B000CC8D4E = {
						CreatedOnToolsVersion = 12.5.1;
					};
				};
			};
			buildConfigurationList = ED2336AA2759C2B000CC8D4E /* Build configuration list for PBXProject "Cinemetrage" */;
			compatibilityVersion = "Xcode 9.3";
			developmentRegion = en;
			hasScannedForEncodings = 0;
			knownRegions = (
				en,
				Base,
			);
			mainGroup = ED2336A62759C2B000CC8D4E;
			productRefGroup = ED2336B02759C2B000CC8D4E /* Products */;
			projectDirPath = "";
			projectRoot = "";
			targets = (
				ED2336AE2759C2B000CC8D4E /* Cinemetrage */,
			);
		};
/* End PBXProject section */

/* Begin PBXResourcesBuildPhase section */
		ED2336AD2759C2B000CC8D4E /* Resources */ = {
			isa = PBXResourcesBuildPhase;
			buildActionMask = 2147483647;
			files = (
				ED1F6FF7275C720000EEB648 /* upcoming.json in Resources */,
				ED1F6FF6275C720000EEB648 /* top_rated.json in Resources */,
				ED2336BF2759C2B200CC8D4E /* LaunchScreen.storyboard in Resources */,
				ED1F6FF8275C720000EEB648 /* genre_list.json in Resources */,
				ED2336BC2759C2B200CC8D4E /* Assets.xcassets in Resources */,
				ED1F6FFA275C731900EEB648 /* search_movie.json in Resources */,
				ED2336BA2759C2B000CC8D4E /* Main.storyboard in Resources */,
			);
			runOnlyForDeploymentPostprocessing = 0;
		};
/* End PBXResourcesBuildPhase section */

/* Begin PBXSourcesBuildPhase section */
		ED2336AB2759C2B000CC8D4E /* Sources */ = {
			isa = PBXSourcesBuildPhase;
			buildActionMask = 2147483647;
			files = (
				ED2336D2275A904800CC8D4E /* MovieService.swift in Sources */,
				ED2336B72759C2B000CC8D4E /* ViewController.swift in Sources */,
				ED1F6FF1275AE6D400EEB648 /* Utilities.swift in Sources */,
				ED2336B32759C2B000CC8D4E /* AppDelegate.swift in Sources */,
				ED1F6FFC275C738600EEB648 /* Movie+Stub.swift in Sources */,
				ED2336CA2759C68F00CC8D4E /* Movie.swift in Sources */,
				ED2336CF2759CA2800CC8D4E /* MoviePresenter.swift in Sources */,
				ED2336B52759C2B000CC8D4E /* SceneDelegate.swift in Sources */,
			);
			runOnlyForDeploymentPostprocessing = 0;
		};
/* End PBXSourcesBuildPhase section */

/* Begin PBXVariantGroup section */
		ED2336B82759C2B000CC8D4E /* Main.storyboard */ = {
			isa = PBXVariantGroup;
			children = (
				ED2336B92759C2B000CC8D4E /* Base */,
			);
			name = Main.storyboard;
			sourceTree = "<group>";
		};
		ED2336BD2759C2B200CC8D4E /* LaunchScreen.storyboard */ = {
			isa = PBXVariantGroup;
			children = (
				ED2336BE2759C2B200CC8D4E /* Base */,
			);
			name = LaunchScreen.storyboard;
			sourceTree = "<group>";
		};
/* End PBXVariantGroup section */

/* Begin XCBuildConfiguration section */
		ED2336C12759C2B200CC8D4E /* Debug */ = {
			isa = XCBuildConfiguration;
			buildSettings = {
				ALWAYS_SEARCH_USER_PATHS = NO;
				CLANG_ANALYZER_NONNULL = YES;
				CLANG_ANALYZER_NUMBER_OBJECT_CONVERSION = YES_AGGRESSIVE;
				CLANG_CXX_LANGUAGE_STANDARD = "gnu++14";
				CLANG_CXX_LIBRARY = "libc++";
				CLANG_ENABLE_MODULES = YES;
				CLANG_ENABLE_OBJC_ARC = YES;
				CLANG_ENABLE_OBJC_WEAK = YES;
				CLANG_WARN_BLOCK_CAPTURE_AUTORELEASING = YES;
				CLANG_WARN_BOOL_CONVERSION = YES;
				CLANG_WARN_COMMA = YES;
				CLANG_WARN_CONSTANT_CONVERSION = YES;
				CLANG_WARN_DEPRECATED_OBJC_IMPLEMENTATIONS = YES;
				CLANG_WARN_DIRECT_OBJC_ISA_USAGE = YES_ERROR;
				CLANG_WARN_DOCUMENTATION_COMMENTS = YES;
				CLANG_WARN_EMPTY_BODY = YES;
				CLANG_WARN_ENUM_CONVERSION = YES;
				CLANG_WARN_INFINITE_RECURSION = YES;
				CLANG_WARN_INT_CONVERSION = YES;
				CLANG_WARN_NON_LITERAL_NULL_CONVERSION = YES;
				CLANG_WARN_OBJC_IMPLICIT_RETAIN_SELF = YES;
				CLANG_WARN_OBJC_LITERAL_CONVERSION = YES;
				CLANG_WARN_OBJC_ROOT_CLASS = YES_ERROR;
				CLANG_WARN_QUOTED_INCLUDE_IN_FRAMEWORK_HEADER = YES;
				CLANG_WARN_RANGE_LOOP_ANALYSIS = YES;
				CLANG_WARN_STRICT_PROTOTYPES = YES;
				CLANG_WARN_SUSPICIOUS_MOVE = YES;
				CLANG_WARN_UNGUARDED_AVAILABILITY = YES_AGGRESSIVE;
				CLANG_WARN_UNREACHABLE_CODE = YES;
				CLANG_WARN__DUPLICATE_METHOD_MATCH = YES;
				COPY_PHASE_STRIP = NO;
				DEBUG_INFORMATION_FORMAT = dwarf;
				ENABLE_STRICT_OBJC_MSGSEND = YES;
				ENABLE_TESTABILITY = YES;
				GCC_C_LANGUAGE_STANDARD = gnu11;
				GCC_DYNAMIC_NO_PIC = NO;
				GCC_NO_COMMON_BLOCKS = YES;
				GCC_OPTIMIZATION_LEVEL = 0;
				GCC_PREPROCESSOR_DEFINITIONS = (
					"DEBUG=1",
					"$(inherited)",
				);
				GCC_WARN_64_TO_32_BIT_CONVERSION = YES;
				GCC_WARN_ABOUT_RETURN_TYPE = YES_ERROR;
				GCC_WARN_UNDECLARED_SELECTOR = YES;
				GCC_WARN_UNINITIALIZED_AUTOS = YES_AGGRESSIVE;
				GCC_WARN_UNUSED_FUNCTION = YES;
				GCC_WARN_UNUSED_VARIABLE = YES;
				IPHONEOS_DEPLOYMENT_TARGET = 14.5;
				MTL_ENABLE_DEBUG_INFO = INCLUDE_SOURCE;
				MTL_FAST_MATH = YES;
				ONLY_ACTIVE_ARCH = YES;
				SDKROOT = iphoneos;
				SWIFT_ACTIVE_COMPILATION_CONDITIONS = DEBUG;
				SWIFT_OPTIMIZATION_LEVEL = "-Onone";
			};
			name = Debug;
		};
		ED2336C22759C2B200CC8D4E /* Release */ = {
			isa = XCBuildConfiguration;
			buildSettings = {
				ALWAYS_SEARCH_USER_PATHS = NO;
				CLANG_ANALYZER_NONNULL = YES;
				CLANG_ANALYZER_NUMBER_OBJECT_CONVERSION = YES_AGGRESSIVE;
				CLANG_CXX_LANGUAGE_STANDARD = "gnu++14";
				CLANG_CXX_LIBRARY = "libc++";
				CLANG_ENABLE_MODULES = YES;
				CLANG_ENABLE_OBJC_ARC = YES;
				CLANG_ENABLE_OBJC_WEAK = YES;
				CLANG_WARN_BLOCK_CAPTURE_AUTORELEASING = YES;
				CLANG_WARN_BOOL_CONVERSION = YES;
				CLANG_WARN_COMMA = YES;
				CLANG_WARN_CONSTANT_CONVERSION = YES;
				CLANG_WARN_DEPRECATED_OBJC_IMPLEMENTATIONS = YES;
				CLANG_WARN_DIRECT_OBJC_ISA_USAGE = YES_ERROR;
				CLANG_WARN_DOCUMENTATION_COMMENTS = YES;
				CLANG_WARN_EMPTY_BODY = YES;
				CLANG_WARN_ENUM_CONVERSION = YES;
				CLANG_WARN_INFINITE_RECURSION = YES;
				CLANG_WARN_INT_CONVERSION = YES;
				CLANG_WARN_NON_LITERAL_NULL_CONVERSION = YES;
				CLANG_WARN_OBJC_IMPLICIT_RETAIN_SELF = YES;
				CLANG_WARN_OBJC_LITERAL_CONVERSION = YES;
				CLANG_WARN_OBJC_ROOT_CLASS = YES_ERROR;
				CLANG_WARN_QUOTED_INCLUDE_IN_FRAMEWORK_HEADER = YES;
				CLANG_WARN_RANGE_LOOP_ANALYSIS = YES;
				CLANG_WARN_STRICT_PROTOTYPES = YES;
				CLANG_WARN_SUSPICIOUS_MOVE = YES;
				CLANG_WARN_UNGUARDED_AVAILABILITY = YES_AGGRESSIVE;
				CLANG_WARN_UNREACHABLE_CODE = YES;
				CLANG_WARN__DUPLICATE_METHOD_MATCH = YES;
				COPY_PHASE_STRIP = NO;
				DEBUG_INFORMATION_FORMAT = "dwarf-with-dsym";
				ENABLE_NS_ASSERTIONS = NO;
				ENABLE_STRICT_OBJC_MSGSEND = YES;
				GCC_C_LANGUAGE_STANDARD = gnu11;
				GCC_NO_COMMON_BLOCKS = YES;
				GCC_WARN_64_TO_32_BIT_CONVERSION = YES;
				GCC_WARN_ABOUT_RETURN_TYPE = YES_ERROR;
				GCC_WARN_UNDECLARED_SELECTOR = YES;
				GCC_WARN_UNINITIALIZED_AUTOS = YES_AGGRESSIVE;
				GCC_WARN_UNUSED_FUNCTION = YES;
				GCC_WARN_UNUSED_VARIABLE = YES;
				IPHONEOS_DEPLOYMENT_TARGET = 14.5;
				MTL_ENABLE_DEBUG_INFO = NO;
				MTL_FAST_MATH = YES;
				SDKROOT = iphoneos;
				SWIFT_COMPILATION_MODE = wholemodule;
				SWIFT_OPTIMIZATION_LEVEL = "-O";
				VALIDATE_PRODUCT = YES;
			};
			name = Release;
		};
		ED2336C42759C2B200CC8D4E /* Debug */ = {
			isa = XCBuildConfiguration;
			buildSettings = {
				ASSETCATALOG_COMPILER_APPICON_NAME = AppIcon;
				ASSETCATALOG_COMPILER_GLOBAL_ACCENT_COLOR_NAME = AccentColor;
				CODE_SIGN_STYLE = Automatic;
				DEVELOPMENT_TEAM = G387Y8424R;
				INFOPLIST_FILE = Cinemetrage/Info.plist;
				LD_RUNPATH_SEARCH_PATHS = (
					"$(inherited)",
					"@executable_path/Frameworks",
				);
				PRODUCT_BUNDLE_IDENTIFIER = com.plotpoint.Cinemetrage;
				PRODUCT_NAME = "$(TARGET_NAME)";
				SWIFT_VERSION = 5.0;
				TARGETED_DEVICE_FAMILY = "1,2";
			};
			name = Debug;
		};
		ED2336C52759C2B200CC8D4E /* Release */ = {
			isa = XCBuildConfiguration;
			buildSettings = {
				ASSETCATALOG_COMPILER_APPICON_NAME = AppIcon;
				ASSETCATALOG_COMPILER_GLOBAL_ACCENT_COLOR_NAME = AccentColor;
				CODE_SIGN_STYLE = Automatic;
				DEVELOPMENT_TEAM = G387Y8424R;
				INFOPLIST_FILE = Cinemetrage/Info.plist;
				LD_RUNPATH_SEARCH_PATHS = (
					"$(inherited)",
					"@executable_path/Frameworks",
				);
				PRODUCT_BUNDLE_IDENTIFIER = com.plotpoint.Cinemetrage;
				PRODUCT_NAME = "$(TARGET_NAME)";
				SWIFT_VERSION = 5.0;
				TARGETED_DEVICE_FAMILY = "1,2";
			};
			name = Release;
		};
/* End XCBuildConfiguration section */

/* Begin XCConfigurationList section */
		ED2336AA2759C2B000CC8D4E /* Build configuration list for PBXProject "Cinemetrage" */ = {
			isa = XCConfigurationList;
			buildConfigurations = (
				ED2336C12759C2B200CC8D4E /* Debug */,
				ED2336C22759C2B200CC8D4E /* Release */,
			);
			defaultConfigurationIsVisible = 0;
			defaultConfigurationName = Release;
		};
		ED2336C32759C2B200CC8D4E /* Build configuration list for PBXNativeTarget "Cinemetrage" */ = {
			isa = XCConfigurationList;
			buildConfigurations = (
				ED2336C42759C2B200CC8D4E /* Debug */,
				ED2336C52759C2B200CC8D4E /* Release */,
			);
			defaultConfigurationIsVisible = 0;
			defaultConfigurationName = Release;
		};
/* End XCConfigurationList section */
	};
	rootObject = ED2336A72759C2B000CC8D4E /* Project object */;
}
